
Microsoft Visual Studio Solution File, Format Version 12.00
# Visual Studio 15
VisualStudioVersion = 15.0.28307.329
MinimumVisualStudioVersion = 10.0.40219.1
Project("{FAE04EC0-301F-11D3-BF4B-00C04F79EFBC}") = "web-api-jwt", "web-api-jwt\web-api-jwt.csproj", "{263D9156-1773-44C3-9B7A-B37AE75829C6}"
EndProject
Global
	GlobalSection(SolutionConfigurationPlatforms) = preSolution
		Debug|Any CPU = Debug|Any CPU
		Release|Any CPU = Release|Any CPU
	EndGlobalSection
	GlobalSection(ProjectConfigurationPlatforms) = postSolution
		{263D9156-1773-44C3-9B7A-B37AE75829C6}.Debug|Any CPU.ActiveCfg = Debug|Any CPU
		{263D9156-1773-44C3-9B7A-B37AE75829C6}.Debug|Any CPU.Build.0 = Debug|Any CPU
		{263D9156-1773-44C3-9B7A-B37AE75829C6}.Release|Any CPU.ActiveCfg = Release|Any CPU
		{263D9156-1773-44C3-9B7A-B37AE75829C6}.Release|Any CPU.Build.0 = Release|Any CPU
	EndGlobalSection
	GlobalSection(SolutionProperties) = preSolution
		HideSolutionNode = FALSE
	EndGlobalSection
	GlobalSection(ExtensibilityGlobals) = postSolution
		SolutionGuid = {45B0C2B8-BA13-4106-B5A6-594A283FC067}
	EndGlobalSection
EndGlobal
